
Microsoft Visual Studio Solution File, Format Version 12.00
# Visual Studio Version 16
VisualStudioVersion = 16.0.28803.156
MinimumVisualStudioVersion = 10.0.40219.1
Project("{FAE04EC0-301F-11D3-BF4B-00C04F79EFBC}") = "TinyMediaConverter", "TinyMediaConverter\TinyMediaConverter.csproj", "{17BE2ABB-D2F4-480D-98A1-F9C4B8E1558A}"
EndProject
Global
	GlobalSection(SolutionConfigurationPlatforms) = preSolution
		Debug|Any CPU = Debug|Any CPU
		Release|Any CPU = Release|Any CPU
	EndGlobalSection
	GlobalSection(ProjectConfigurationPlatforms) = postSolution
		{17BE2ABB-D2F4-480D-98A1-F9C4B8E1558A}.Debug|Any CPU.ActiveCfg = Debug|Any CPU
		{17BE2ABB-D2F4-480D-98A1-F9C4B8E1558A}.Debug|Any CPU.Build.0 = Debug|Any CPU
		{17BE2ABB-D2F4-480D-98A1-F9C4B8E1558A}.Release|Any CPU.ActiveCfg = Release|Any CPU
		{17BE2ABB-D2F4-480D-98A1-F9C4B8E1558A}.Release|Any CPU.Build.0 = Release|Any CPU
	EndGlobalSection
	GlobalSection(SolutionProperties) = preSolution
		HideSolutionNode = FALSE
	EndGlobalSection
	GlobalSection(ExtensibilityGlobals) = postSolution
		SolutionGuid = {02E84EE7-3F08-48C2-BC51-649A1A5F2EF0}
	EndGlobalSection
EndGlobal
